version: 0.1
releases:
  '2.0':
    spec:
      status: draft
      docs: ''
      profiles:
      - base
      spec:
        files:
          .env:
            type: dotenv
            vars:
              ENV:
                type: string
                default: dev
                encrypted: false
              PROJECT_NAME:
                type: string
                default: envers
                encrypted: false
              VERSION:
                type: string
                default: '1.0'
                encrypted: false
              USE_CONTAINER:
                type: bool
                default: true
                encrypted: false
    data:
      base:
        files:
          .env:
            type: dotenv
            vars:
              ENV: dev
              PROJECT_NAME: envers
              VERSION: '1.0'
              USE_CONTAINER: true
  '1.0':
    spec:
      status: draft
      docs: ''
      profiles:
      - base
      spec:
        files:
          .env:
            type: dotenv
            vars:
              ENV:
                type: string
                default: dev
                encrypted: false
              PROJECT_NAME:
                type: string
                default: envers
                encrypted: false
              VERSION:
                type: string
                default: '1.0'
                encrypted: false
    data:
      base:
        files:
          .env:
            type: dotenv
            vars:
              ENV: dev
              PROJECT_NAME: envers
              VERSION: '1.0'
